
Microsoft Visual Studio Solution File, Format Version 12.00
Project("{FAE04EC0-301F-11D3-BF4B-00C04F79EFBC}") = "API", "API.csproj", "{103373F6-3635-4B8F-ACDA-5633551BC86C}"
EndProject
Project("{2150E333-8FDC-42A3-9474-1A3956D46DE8}") = "Solution Items", "Solution Items", "{F7749813-5369-4334-B76C-4B6C4692D468}"
	ProjectSection(SolutionItems) = preProject
		compose.yaml = compose.yaml
	EndProjectSection
EndProject
Global
	GlobalSection(SolutionConfigurationPlatforms) = preSolution
		Debug|Any CPU = Debug|Any CPU
		Release|Any CPU = Release|Any CPU
	EndGlobalSection
	GlobalSection(ProjectConfigurationPlatforms) = postSolution
		{103373F6-3635-4B8F-ACDA-5633551BC86C}.Debug|Any CPU.ActiveCfg = Debug|Any CPU
		{103373F6-3635-4B8F-ACDA-5633551BC86C}.Debug|Any CPU.Build.0 = Debug|Any CPU
		{103373F6-3635-4B8F-ACDA-5633551BC86C}.Release|Any CPU.ActiveCfg = Release|Any CPU
		{103373F6-3635-4B8F-ACDA-5633551BC86C}.Release|Any CPU.Build.0 = Release|Any CPU
	EndGlobalSection
EndGlobal
